
Microsoft Visual Studio Solution File, Format Version 12.00
# Visual Studio Version 16
VisualStudioVersion = 16.0.29613.14
MinimumVisualStudioVersion = 10.0.40219.1
Project("{FAE04EC0-301F-11D3-BF4B-00C04F79EFBC}") = "NanoEcsGenerator", "NanoEcsGenerator.csproj", "{11BE8A68-F9CD-4CDD-8961-4A1B5C86B522}"
EndProject
Global
	GlobalSection(SolutionConfigurationPlatforms) = preSolution
		Debug|Any CPU = Debug|Any CPU
		Release|Any CPU = Release|Any CPU
	EndGlobalSection
	GlobalSection(ProjectConfigurationPlatforms) = postSolution
		{11BE8A68-F9CD-4CDD-8961-4A1B5C86B522}.Debug|Any CPU.ActiveCfg = Debug|Any CPU
		{11BE8A68-F9CD-4CDD-8961-4A1B5C86B522}.Debug|Any CPU.Build.0 = Debug|Any CPU
		{11BE8A68-F9CD-4CDD-8961-4A1B5C86B522}.Release|Any CPU.ActiveCfg = Release|Any CPU
		{11BE8A68-F9CD-4CDD-8961-4A1B5C86B522}.Release|Any CPU.Build.0 = Release|Any CPU
	EndGlobalSection
	GlobalSection(SolutionProperties) = preSolution
		HideSolutionNode = FALSE
	EndGlobalSection
	GlobalSection(ExtensibilityGlobals) = postSolution
		SolutionGuid = {0C040A51-39FE-429B-AF71-F742718C832D}
	EndGlobalSection
EndGlobal
